{
  "name": "frontend",
  "lockfileVersion": 3,
  "requires": true,
  "packages": {
    "": {
      "dependencies": {
        "socket": "^1.0.104"
      }
    },
    "node_modules/socket": {
      "version": "1.0.104",
      "resolved": "https://registry.npmjs.org/socket/-/socket-1.0.104.tgz",
      "integrity": "sha512-fMKLzGZyLyL7pPns6pdedwtbVGuErdOJvdSN95pZnuuAUtciPjO9sCR7ornGtrndS17A2ZvEzbgTksc3XBiw1g==",
      "license": "MIT",
      "bin": {
        "socket": "bin/cli.js",
        "socket-npm": "bin/npm-cli.js",
        "socket-npx": "bin/npx-cli.js"
      },
      "engines": {
        "node": ">=18"
      }
    }
  }
}
